
Microsoft Visual Studio Solution File, Format Version 12.00
# Visual Studio 15
VisualStudioVersion = 15.0.28307.168
MinimumVisualStudioVersion = 10.0.40219.1
Project("{FAE04EC0-301F-11D3-BF4B-00C04F79EFBC}") = "MiniProject", "MiniProject\MiniProject.csproj", "{0BE51656-4A96-4B56-A564-F8FC5A617328}"
EndProject
Global
	GlobalSection(SolutionConfigurationPlatforms) = preSolution
		Debug|Any CPU = Debug|Any CPU
		Release|Any CPU = Release|Any CPU
	EndGlobalSection
	GlobalSection(ProjectConfigurationPlatforms) = postSolution
		{0BE51656-4A96-4B56-A564-F8FC5A617328}.Debug|Any CPU.ActiveCfg = Debug|Any CPU
		{0BE51656-4A96-4B56-A564-F8FC5A617328}.Debug|Any CPU.Build.0 = Debug|Any CPU
		{0BE51656-4A96-4B56-A564-F8FC5A617328}.Release|Any CPU.ActiveCfg = Release|Any CPU
		{0BE51656-4A96-4B56-A564-F8FC5A617328}.Release|Any CPU.Build.0 = Release|Any CPU
	EndGlobalSection
	GlobalSection(SolutionProperties) = preSolution
		HideSolutionNode = FALSE
	EndGlobalSection
	GlobalSection(ExtensibilityGlobals) = postSolution
		SolutionGuid = {6CC406F1-4D85-405B-B707-3FA69386528A}
	EndGlobalSection
EndGlobal
